
Microsoft Visual Studio Solution File, Format Version 12.00
# Visual Studio Version 16
VisualStudioVersion = 16.0.31624.102
MinimumVisualStudioVersion = 10.0.40219.1
Project("{FAE04EC0-301F-11D3-BF4B-00C04F79EFBC}") = "conint_server", "conint_server.csproj", "{8A7A46B0-E5AD-4050-AAED-260AD9E6454C}"
EndProject
Global
	GlobalSection(SolutionConfigurationPlatforms) = preSolution
		Debug|Any CPU = Debug|Any CPU
		Release|Any CPU = Release|Any CPU
	EndGlobalSection
	GlobalSection(ProjectConfigurationPlatforms) = postSolution
		{8A7A46B0-E5AD-4050-AAED-260AD9E6454C}.Debug|Any CPU.ActiveCfg = Debug|Any CPU
		{8A7A46B0-E5AD-4050-AAED-260AD9E6454C}.Debug|Any CPU.Build.0 = Debug|Any CPU
		{8A7A46B0-E5AD-4050-AAED-260AD9E6454C}.Release|Any CPU.ActiveCfg = Release|Any CPU
		{8A7A46B0-E5AD-4050-AAED-260AD9E6454C}.Release|Any CPU.Build.0 = Release|Any CPU
	EndGlobalSection
	GlobalSection(SolutionProperties) = preSolution
		HideSolutionNode = FALSE
	EndGlobalSection
	GlobalSection(ExtensibilityGlobals) = postSolution
		SolutionGuid = {C86B5363-9619-4BEA-8758-EC750CEE0802}
	EndGlobalSection
EndGlobal
